// !$*UTF8*$!
{
	archiveVersion = 1;
	classes = {
	};
	objectVersion = 50;
	objects = {

/* Begin PBXBuildFile section */
		FF56CD68225D80CB00E9D1D2 /* AppDelegate.swift in Sources */ = {isa = PBXBuildFile; fileRef = FF56CD67225D80CB00E9D1D2 /* AppDelegate.swift */; };
		FF56CD6A225D80CB00E9D1D2 /* DocumentBrowserViewController.swift in Sources */ = {isa = PBXBuildFile; fileRef = FF56CD69225D80CB00E9D1D2 /* DocumentBrowserViewController.swift */; };
		FF56CD6E225D80CB00E9D1D2 /* ImageGalleryDocument.swift in Sources */ = {isa = PBXBuildFile; fileRef = FF56CD6D225D80CB00E9D1D2 /* ImageGalleryDocument.swift */; };
		FF56CD71225D80CB00E9D1D2 /* Main.storyboard in Resources */ = {isa = PBXBuildFile; fileRef = FF56CD6F225D80CB00E9D1D2 /* Main.storyboard */; };
		FF56CD73225D80CC00E9D1D2 /* Assets.xcassets in Resources */ = {isa = PBXBuildFile; fileRef = FF56CD72225D80CC00E9D1D2 /* Assets.xcassets */; };
		FF56CD76225D80CC00E9D1D2 /* LaunchScreen.storyboard in Resources */ = {isa = PBXBuildFile; fileRef = FF56CD74225D80CC00E9D1D2 /* LaunchScreen.storyboard */; };
		FFB43597225ED13F00732E2C /* GalleryViewController.swift in Sources */ = {isa = PBXBuildFile; fileRef = FFB43594225ED13F00732E2C /* GalleryViewController.swift */; };
		FFB43598225ED13F00732E2C /* ImageThumbnailCollectionViewCell.swift in Sources */ = {isa = PBXBuildFile; fileRef = FFB43595225ED13F00732E2C /* ImageThumbnailCollectionViewCell.swift */; };
		FFB43599225ED13F00732E2C /* GalleryImageFullscreenController.swift in Sources */ = {isa = PBXBuildFile; fileRef = FFB43596225ED13F00732E2C /* GalleryImageFullscreenController.swift */; };
/* End PBXBuildFile section */

/* Begin PBXFileReference section */
		FF229EED24036DFE002BFA95 /* README.md */ = {isa = PBXFileReference; lastKnownFileType = net.daringfireball.markdown; path = README.md; sourceTree = "<group>"; };
		FF56CD64225D80CB00E9D1D2 /* ImageGallery.app */ = {isa = PBXFileReference; explicitFileType = wrapper.application; includeInIndex = 0; path = ImageGallery.app; sourceTree = BUILT_PRODUCTS_DIR; };
		FF56CD67225D80CB00E9D1D2 /* AppDelegate.swift */ = {isa = PBXFileReference; lastKnownFileType = sourcecode.swift; path = AppDelegate.swift; sourceTree = "<group>"; };
		FF56CD69225D80CB00E9D1D2 /* DocumentBrowserViewController.swift */ = {isa = PBXFileReference; lastKnownFileType = sourcecode.swift; path = DocumentBrowserViewController.swift; sourceTree = "<group>"; };
		FF56CD6D225D80CB00E9D1D2 /* ImageGalleryDocument.swift */ = {isa = PBXFileReference; lastKnownFileType = sourcecode.swift; path = ImageGalleryDocument.swift; sourceTree = "<group>"; };
		FF56CD70225D80CB00E9D1D2 /* Base */ = {isa = PBXFileReference; lastKnownFileType = file.storyboard; name = Base; path = Base.lproj/Main.storyboard; sourceTree = "<group>"; };
		FF56CD72225D80CC00E9D1D2 /* Assets.xcassets */ = {isa = PBXFileReference; lastKnownFileType = folder.assetcatalog; path = Assets.xcassets; sourceTree = "<group>"; };
		FF56CD75225D80CC00E9D1D2 /* Base */ = {isa = PBXFileReference; lastKnownFileType = file.storyboard; name = Base; path = Base.lproj/LaunchScreen.storyboard; sourceTree = "<group>"; };
		FF56CD77225D80CC00E9D1D2 /* Info.plist */ = {isa = PBXFileReference; lastKnownFileType = text.plist.xml; path = Info.plist; sourceTree = "<group>"; };
		FFB43594225ED13F00732E2C /* GalleryViewController.swift */ = {isa = PBXFileReference; fileEncoding = 4; lastKnownFileType = sourcecode.swift; path = GalleryViewController.swift; sourceTree = "<group>"; };
		FFB43595225ED13F00732E2C /* ImageThumbnailCollectionViewCell.swift */ = {isa = PBXFileReference; fileEncoding = 4; lastKnownFileType = sourcecode.swift; path = ImageThumbnailCollectionViewCell.swift; sourceTree = "<group>"; };
		FFB43596225ED13F00732E2C /* GalleryImageFullscreenController.swift */ = {isa = PBXFileReference; fileEncoding = 4; lastKnownFileType = sourcecode.swift; path = GalleryImageFullscreenController.swift; sourceTree = "<group>"; };
/* End PBXFileReference section */

/* Begin PBXFrameworksBuildPhase section */
		FF56CD61225D80CB00E9D1D2 /* Frameworks */ = {
			isa = PBXFrameworksBuildPhase;
			buildActionMask = 2147483647;
			files = (
			);
			runOnlyForDeploymentPostprocessing = 0;
		};
/* End PBXFrameworksBuildPhase section */

/* Begin PBXGroup section */
		FF56CD5B225D80CB00E9D1D2 = {
			isa = PBXGroup;
			children = (
				FF229EED24036DFE002BFA95 /* README.md */,
				FF56CD66225D80CB00E9D1D2 /* ImageGallery_Persistent */,
				FF56CD65225D80CB00E9D1D2 /* Products */,
			);
			sourceTree = "<group>";
		};
		FF56CD65225D80CB00E9D1D2 /* Products */ = {
			isa = PBXGroup;
			children = (
				FF56CD64225D80CB00E9D1D2 /* ImageGallery.app */,
			);
			name = Products;
			sourceTree = "<group>";
		};
		FF56CD66225D80CB00E9D1D2 /* ImageGallery_Persistent */ = {
			isa = PBXGroup;
			children = (
				FF56CD6F225D80CB00E9D1D2 /* Main.storyboard */,
				FF56CD69225D80CB00E9D1D2 /* DocumentBrowserViewController.swift */,
				FF56CD6D225D80CB00E9D1D2 /* ImageGalleryDocument.swift */,
				FFB43594225ED13F00732E2C /* GalleryViewController.swift */,
				FFB43596225ED13F00732E2C /* GalleryImageFullscreenController.swift */,
				FFB43595225ED13F00732E2C /* ImageThumbnailCollectionViewCell.swift */,
				FF56CD72225D80CC00E9D1D2 /* Assets.xcassets */,
				FF56CD74225D80CC00E9D1D2 /* LaunchScreen.storyboard */,
				FF56CD67225D80CB00E9D1D2 /* AppDelegate.swift */,
				FF56CD77225D80CC00E9D1D2 /* Info.plist */,
			);
			path = ImageGallery_Persistent;
			sourceTree = "<group>";
		};
/* End PBXGroup section */

/* Begin PBXNativeTarget section */
		FF56CD63225D80CB00E9D1D2 /* ImageGallery_Persistent */ = {
			isa = PBXNativeTarget;
			buildConfigurationList = FF56CD7A225D80CC00E9D1D2 /* Build configuration list for PBXNativeTarget "ImageGallery_Persistent" */;
			buildPhases = (
				FF56CD60225D80CB00E9D1D2 /* Sources */,
				FF56CD61225D80CB00E9D1D2 /* Frameworks */,
				FF56CD62225D80CB00E9D1D2 /* Resources */,
			);
			buildRules = (
			);
			dependencies = (
			);
			name = ImageGallery_Persistent;
			productName = ImageGallery_Persistent;
			productReference = FF56CD64225D80CB00E9D1D2 /* ImageGallery.app */;
			productType = "com.apple.product-type.application";
		};
/* End PBXNativeTarget section */

/* Begin PBXProject section */
		FF56CD5C225D80CB00E9D1D2 /* Project object */ = {
			isa = PBXProject;
			attributes = {
				LastSwiftUpdateCheck = 1020;
				LastUpgradeCheck = 1020;
				ORGANIZATIONNAME = "Ashish Bansal";
				TargetAttributes = {
					FF56CD63225D80CB00E9D1D2 = {
						CreatedOnToolsVersion = 10.2;
					};
				};
			};
			buildConfigurationList = FF56CD5F225D80CB00E9D1D2 /* Build configuration list for PBXProject "ImageGallery_Persistent" */;
			compatibilityVersion = "Xcode 9.3";
			developmentRegion = en;
			hasScannedForEncodings = 0;
			knownRegions = (
				en,
				Base,
			);
			mainGroup = FF56CD5B225D80CB00E9D1D2;
			productRefGroup = FF56CD65225D80CB00E9D1D2 /* Products */;
			projectDirPath = "";
			projectRoot = "";
			targets = (
				FF56CD63225D80CB00E9D1D2 /* ImageGallery_Persistent */,
			);
		};
/* End PBXProject section */

/* Begin PBXResourcesBuildPhase section */
		FF56CD62225D80CB00E9D1D2 /* Resources */ = {
			isa = PBXResourcesBuildPhase;
			buildActionMask = 2147483647;
			files = (
				FF56CD76225D80CC00E9D1D2 /* LaunchScreen.storyboard in Resources */,
				FF56CD73225D80CC00E9D1D2 /* Assets.xcassets in Resources */,
				FF56CD71225D80CB00E9D1D2 /* Main.storyboard in Resources */,
			);
			runOnlyForDeploymentPostprocessing = 0;
		};
/* End PBXResourcesBuildPhase section */

/* Begin PBXSourcesBuildPhase section */
		FF56CD60225D80CB00E9D1D2 /* Sources */ = {
			isa = PBXSourcesBuildPhase;
			buildActionMask = 2147483647;
			files = (
				FF56CD6E225D80CB00E9D1D2 /* ImageGalleryDocument.swift in Sources */,
				FFB43598225ED13F00732E2C /* ImageThumbnailCollectionViewCell.swift in Sources */,
				FFB43597225ED13F00732E2C /* GalleryViewController.swift in Sources */,
				FF56CD6A225D80CB00E9D1D2 /* DocumentBrowserViewController.swift in Sources */,
				FF56CD68225D80CB00E9D1D2 /* AppDelegate.swift in Sources */,
				FFB43599225ED13F00732E2C /* GalleryImageFullscreenController.swift in Sources */,
			);
			runOnlyForDeploymentPostprocessing = 0;
		};
/* End PBXSourcesBuildPhase section */

/* Begin PBXVariantGroup section */
		FF56CD6F225D80CB00E9D1D2 /* Main.storyboard */ = {
			isa = PBXVariantGroup;
			children = (
				FF56CD70225D80CB00E9D1D2 /* Base */,
			);
			name = Main.storyboard;
			sourceTree = "<group>";
		};
		FF56CD74225D80CC00E9D1D2 /* LaunchScreen.storyboard */ = {
			isa = PBXVariantGroup;
			children = (
				FF56CD75225D80CC00E9D1D2 /* Base */,
			);
			name = LaunchScreen.storyboard;
			sourceTree = "<group>";
		};
/* End PBXVariantGroup section */

/* Begin XCBuildConfiguration section */
		FF56CD78225D80CC00E9D1D2 /* Debug */ = {
			isa = XCBuildConfiguration;
			buildSettings = {
				ALWAYS_SEARCH_USER_PATHS = NO;
				CLANG_ANALYZER_NONNULL = YES;
				CLANG_ANALYZER_NUMBER_OBJECT_CONVERSION = YES_AGGRESSIVE;
				CLANG_CXX_LANGUAGE_STANDARD = "gnu++14";
				CLANG_CXX_LIBRARY = "libc++";
				CLANG_ENABLE_MODULES = YES;
				CLANG_ENABLE_OBJC_ARC = YES;
				CLANG_ENABLE_OBJC_WEAK = YES;
				CLANG_WARN_BLOCK_CAPTURE_AUTORELEASING = YES;
				CLANG_WARN_BOOL_CONVERSION = YES;
				CLANG_WARN_COMMA = YES;
				CLANG_WARN_CONSTANT_CONVERSION = YES;
				CLANG_WARN_DEPRECATED_OBJC_IMPLEMENTATIONS = YES;
				CLANG_WARN_DIRECT_OBJC_ISA_USAGE = YES_ERROR;
				CLANG_WARN_DOCUMENTATION_COMMENTS = YES;
				CLANG_WARN_EMPTY_BODY = YES;
				CLANG_WARN_ENUM_CONVERSION = YES;
				CLANG_WARN_INFINITE_RECURSION = YES;
				CLANG_WARN_INT_CONVERSION = YES;
				CLANG_WARN_NON_LITERAL_NULL_CONVERSION = YES;
				CLANG_WARN_OBJC_IMPLICIT_RETAIN_SELF = YES;
				CLANG_WARN_OBJC_LITERAL_CONVERSION = YES;
				CLANG_WARN_OBJC_ROOT_CLASS = YES_ERROR;
				CLANG_WARN_RANGE_LOOP_ANALYSIS = YES;
				CLANG_WARN_STRICT_PROTOTYPES = YES;
				CLANG_WARN_SUSPICIOUS_MOVE = YES;
				CLANG_WARN_UNGUARDED_AVAILABILITY = YES_AGGRESSIVE;
				CLANG_WARN_UNREACHABLE_CODE = YES;
				CLANG_WARN__DUPLICATE_METHOD_MATCH = YES;
				CODE_SIGN_IDENTITY = "iPhone Developer";
				COPY_PHASE_STRIP = NO;
				DEBUG_INFORMATION_FORMAT = dwarf;
				ENABLE_STRICT_OBJC_MSGSEND = YES;
				ENABLE_TESTABILITY = YES;
				GCC_C_LANGUAGE_STANDARD = gnu11;
				GCC_DYNAMIC_NO_PIC = NO;
				GCC_NO_COMMON_BLOCKS = YES;
				GCC_OPTIMIZATION_LEVEL = 0;
				GCC_PREPROCESSOR_DEFINITIONS = (
					"DEBUG=1",
					"$(inherited)",
				);
				GCC_WARN_64_TO_32_BIT_CONVERSION = YES;
				GCC_WARN_ABOUT_RETURN_TYPE = YES_ERROR;
				GCC_WARN_UNDECLARED_SELECTOR = YES;
				GCC_WARN_UNINITIALIZED_AUTOS = YES_AGGRESSIVE;
				GCC_WARN_UNUSED_FUNCTION = YES;
				GCC_WARN_UNUSED_VARIABLE = YES;
				IPHONEOS_DEPLOYMENT_TARGET = 12.2;
				MTL_ENABLE_DEBUG_INFO = INCLUDE_SOURCE;
				MTL_FAST_MATH = YES;
				ONLY_ACTIVE_ARCH = YES;
				SDKROOT = iphoneos;
				SWIFT_ACTIVE_COMPILATION_CONDITIONS = DEBUG;
				SWIFT_OPTIMIZATION_LEVEL = "-Onone";
			};
			name = Debug;
		};
		FF56CD79225D80CC00E9D1D2 /* Release */ = {
			isa = XCBuildConfiguration;
			buildSettings = {
				ALWAYS_SEARCH_USER_PATHS = NO;
				CLANG_ANALYZER_NONNULL = YES;
				CLANG_ANALYZER_NUMBER_OBJECT_CONVERSION = YES_AGGRESSIVE;
				CLANG_CXX_LANGUAGE_STANDARD = "gnu++14";
				CLANG_CXX_LIBRARY = "libc++";
				CLANG_ENABLE_MODULES = YES;
				CLANG_ENABLE_OBJC_ARC = YES;
				CLANG_ENABLE_OBJC_WEAK = YES;
				CLANG_WARN_BLOCK_CAPTURE_AUTORELEASING = YES;
				CLANG_WARN_BOOL_CONVERSION = YES;
				CLANG_WARN_COMMA = YES;
				CLANG_WARN_CONSTANT_CONVERSION = YES;
				CLANG_WARN_DEPRECATED_OBJC_IMPLEMENTATIONS = YES;
				CLANG_WARN_DIRECT_OBJC_ISA_USAGE = YES_ERROR;
				CLANG_WARN_DOCUMENTATION_COMMENTS = YES;
				CLANG_WARN_EMPTY_BODY = YES;
				CLANG_WARN_ENUM_CONVERSION = YES;
				CLANG_WARN_INFINITE_RECURSION = YES;
				CLANG_WARN_INT_CONVERSION = YES;
				CLANG_WARN_NON_LITERAL_NULL_CONVERSION = YES;
				CLANG_WARN_OBJC_IMPLICIT_RETAIN_SELF = YES;
				CLANG_WARN_OBJC_LITERAL_CONVERSION = YES;
				CLANG_WARN_OBJC_ROOT_CLASS = YES_ERROR;
				CLANG_WARN_RANGE_LOOP_ANALYSIS = YES;
				CLANG_WARN_STRICT_PROTOTYPES = YES;
				CLANG_WARN_SUSPICIOUS_MOVE = YES;
				CLANG_WARN_UNGUARDED_AVAILABILITY = YES_AGGRESSIVE;
				CLANG_WARN_UNREACHABLE_CODE = YES;
				CLANG_WARN__DUPLICATE_METHOD_MATCH = YES;
				CODE_SIGN_IDENTITY = "iPhone Developer";
				COPY_PHASE_STRIP = NO;
				DEBUG_INFORMATION_FORMAT = "dwarf-with-dsym";
				ENABLE_NS_ASSERTIONS = NO;
				ENABLE_STRICT_OBJC_MSGSEND = YES;
				GCC_C_LANGUAGE_STANDARD = gnu11;
				GCC_NO_COMMON_BLOCKS = YES;
				GCC_WARN_64_TO_32_BIT_CONVERSION = YES;
				GCC_WARN_ABOUT_RETURN_TYPE = YES_ERROR;
				GCC_WARN_UNDECLARED_SELECTOR = YES;
				GCC_WARN_UNINITIALIZED_AUTOS = YES_AGGRESSIVE;
				GCC_WARN_UNUSED_FUNCTION = YES;
				GCC_WARN_UNUSED_VARIABLE = YES;
				IPHONEOS_DEPLOYMENT_TARGET = 12.2;
				MTL_ENABLE_DEBUG_INFO = NO;
				MTL_FAST_MATH = YES;
				SDKROOT = iphoneos;
				SWIFT_COMPILATION_MODE = wholemodule;
				SWIFT_OPTIMIZATION_LEVEL = "-O";
				VALIDATE_PRODUCT = YES;
			};
			name = Release;
		};
		FF56CD7B225D80CC00E9D1D2 /* Debug */ = {
			isa = XCBuildConfiguration;
			buildSettings = {
				ASSETCATALOG_COMPILER_APPICON_NAME = AppIcon;
				CODE_SIGN_STYLE = Automatic;
				DEVELOPMENT_TEAM = AWZNFT2MNX;
				INFOPLIST_FILE = ImageGallery_Persistent/Info.plist;
				LD_RUNPATH_SEARCH_PATHS = (
					"$(inherited)",
					"@executable_path/Frameworks",
				);
				PRODUCT_BUNDLE_IDENTIFIER = "AshishBansal.ImageGallery-Persistent";
				PRODUCT_NAME = ImageGallery;
				SWIFT_VERSION = 5.0;
				TARGETED_DEVICE_FAMILY = 2;
			};
			name = Debug;
		};
		FF56CD7C225D80CC00E9D1D2 /* Release */ = {
			isa = XCBuildConfiguration;
			buildSettings = {
				ASSETCATALOG_COMPILER_APPICON_NAME = AppIcon;
				CODE_SIGN_STYLE = Automatic;
				DEVELOPMENT_TEAM = AWZNFT2MNX;
				INFOPLIST_FILE = ImageGallery_Persistent/Info.plist;
				LD_RUNPATH_SEARCH_PATHS = (
					"$(inherited)",
					"@executable_path/Frameworks",
				);
				PRODUCT_BUNDLE_IDENTIFIER = "AshishBansal.ImageGallery-Persistent";
				PRODUCT_NAME = ImageGallery;
				SWIFT_VERSION = 5.0;
				TARGETED_DEVICE_FAMILY = 2;
			};
			name = Release;
		};
/* End XCBuildConfiguration section */

/* Begin XCConfigurationList section */
		FF56CD5F225D80CB00E9D1D2 /* Build configuration list for PBXProject "ImageGallery_Persistent" */ = {
			isa = XCConfigurationList;
			buildConfigurations = (
				FF56CD78225D80CC00E9D1D2 /* Debug */,
				FF56CD79225D80CC00E9D1D2 /* Release */,
			);
			defaultConfigurationIsVisible = 0;
			defaultConfigurationName = Release;
		};
		FF56CD7A225D80CC00E9D1D2 /* Build configuration list for PBXNativeTarget "ImageGallery_Persistent" */ = {
			isa = XCConfigurationList;
			buildConfigurations = (
				FF56CD7B225D80CC00E9D1D2 /* Debug */,
				FF56CD7C225D80CC00E9D1D2 /* Release */,
			);
			defaultConfigurationIsVisible = 0;
			defaultConfigurationName = Release;
		};
/* End XCConfigurationList section */
	};
	rootObject = FF56CD5C225D80CB00E9D1D2 /* Project object */;
}
